
Microsoft Visual Studio Solution File, Format Version 12.00
# Visual Studio Version 16
VisualStudioVersion = 16.0.30907.101
MinimumVisualStudioVersion = 10.0.40219.1
Project("{2150E333-8FDC-42A3-9474-1A3956D46DE8}") = "Services", "Services", "{0CBEF62A-298C-4A8D-82E3-73E71B55188A}"
EndProject
Project("{2150E333-8FDC-42A3-9474-1A3956D46DE8}") = "Products", "Products", "{CAB840FD-AAB4-44BA-B9AA-93FC2D4963D8}"
EndProject
Project("{2150E333-8FDC-42A3-9474-1A3956D46DE8}") = "WebApps", "WebApps", "{99C902A0-EC1A-450F-ABDF-D2DFF355DDF0}"
EndProject
Project("{9A19103F-16F7-4668-BE54-9A1E7A4F7556}") = "GroceryWebApp", "WebApp\GroceryWebApp\GroceryWebApp.csproj", "{941044E6-1CA9-4FFE-8319-357B933140F6}"
EndProject
Project("{2150E333-8FDC-42A3-9474-1A3956D46DE8}") = "BuildingBlocks", "BuildingBlocks", "{33B4BEDB-45AB-4D72-BD11-0B508B9DD24F}"
EndProject
Project("{9A19103F-16F7-4668-BE54-9A1E7A4F7556}") = "Common.Logging", "BuildingBlocks\Common.Logging\Common.Logging.csproj", "{68F20F9B-398F-4611-935A-82A0FE5F7462}"
EndProject
Project("{2150E333-8FDC-42A3-9474-1A3956D46DE8}") = "Categories", "Categories", "{7E4FBBBA-6BEA-471A-8DC4-9DA57C282C1B}"
EndProject
Project("{9A19103F-16F7-4668-BE54-9A1E7A4F7556}") = "Categories.Application", "Services\Categories\Categories.Application\Categories.Application.csproj", "{ACCB7F02-4AFC-413D-9359-26B0E590B424}"
EndProject
Project("{9A19103F-16F7-4668-BE54-9A1E7A4F7556}") = "Categories.API", "Services\Categories\Categories.API\Categories.API.csproj", "{6B498B52-B5E8-41AC-B207-4635C56CB892}"
EndProject
Project("{9A19103F-16F7-4668-BE54-9A1E7A4F7556}") = "Categories.Domain", "Services\Categories\Categories.Domain\Categories.Domain.csproj", "{6AA92B41-439A-4054-B9B6-14CEA23B8F4B}"
EndProject
Project("{9A19103F-16F7-4668-BE54-9A1E7A4F7556}") = "Categories.Infrastructure", "Categories.Infrastructure\Categories.Infrastructure.csproj", "{B1BDB8B0-1F86-4411-BA38-A3FB302AEF25}"
EndProject
Project("{9A19103F-16F7-4668-BE54-9A1E7A4F7556}") = "Products.API", "Services\Products\Products.API\Products.API.csproj", "{E91A15E5-BDAE-49A4-81A3-7F050DD30BDA}"
EndProject
Project("{9A19103F-16F7-4668-BE54-9A1E7A4F7556}") = "Products.Application", "Services\Products\Products.Application\Products.Application.csproj", "{A5C4B44F-D81D-4903-886A-CC2A1FA8AF4B}"
EndProject
Project("{9A19103F-16F7-4668-BE54-9A1E7A4F7556}") = "Products.Domain", "Services\Products\Products.Domain\Products.Domain.csproj", "{8F4EA89C-A6B9-40E0-81FB-32961B38C243}"
EndProject
Project("{9A19103F-16F7-4668-BE54-9A1E7A4F7556}") = "Products.Infrastructure", "Services\Products\Products.Infrastructure\Products.Infrastructure.csproj", "{9F36F1C8-E7AA-40B4-9F6E-B8F33F968247}"
EndProject
Project("{2150E333-8FDC-42A3-9474-1A3956D46DE8}") = "Basket", "Basket", "{E6F27299-F998-4356-9A20-8A49B474A5BF}"
EndProject
Project("{9A19103F-16F7-4668-BE54-9A1E7A4F7556}") = "Basket.API", "Services\Basket\Basket.API\Basket.API.csproj", "{96769361-30C0-4974-8DD6-B100630DC916}"
EndProject
Project("{9A19103F-16F7-4668-BE54-9A1E7A4F7556}") = "Basket.Application", "Services\Basket\Basket.Application\Basket.Application.csproj", "{2A60E76D-3C83-42AA-84A6-FF38C8FB3C97}"
EndProject
Project("{9A19103F-16F7-4668-BE54-9A1E7A4F7556}") = "Basket.Domain", "Services\Basket\Basket.Domain\Basket.Domain.csproj", "{3361F307-3B29-4011-84C1-1BF4944006A5}"
EndProject
Project("{9A19103F-16F7-4668-BE54-9A1E7A4F7556}") = "Basket.Infrastructure", "Services\Basket\Basket.Infrastructure\Basket.Infrastructure.csproj", "{D0D18D49-7B2A-404D-A53F-85750AC4906E}"
EndProject
Project("{9A19103F-16F7-4668-BE54-9A1E7A4F7556}") = "Products.Grpc", "Services\Products\Products.Grpc\Products.Grpc.csproj", "{C334C791-F85B-4E5C-A7D2-CD1C4799C936}"
EndProject
Project("{9A19103F-16F7-4668-BE54-9A1E7A4F7556}") = "External.Authentication", "BuildingBlocks\SMS.Authentication\External.Authentication.csproj", "{0BB77358-70A4-4725-8AAC-D9F1789149C0}"
EndProject
Project("{2150E333-8FDC-42A3-9474-1A3956D46DE8}") = "Vendor", "Vendor", "{BD4DF921-5D82-4577-B97D-2B81665C559E}"
EndProject
Project("{9A19103F-16F7-4668-BE54-9A1E7A4F7556}") = "Vendor.Application", "Services\Vendor\Vendor.Application\Vendor.Application.csproj", "{5CDF2037-E3DC-4689-A08D-D9FF5CAA0C1B}"
EndProject
Project("{9A19103F-16F7-4668-BE54-9A1E7A4F7556}") = "Vendor.Domain", "Services\Vendor\Vendor.Domain\Vendor.Domain.csproj", "{FA27BD62-B8D1-410F-8504-6724612EB121}"
EndProject
Project("{9A19103F-16F7-4668-BE54-9A1E7A4F7556}") = "Vendor.Infrastructure", "Services\Vendor\Vendor.Infrastructure\Vendor.Infrastructure.csproj", "{F3A7D5A0-B127-4822-A837-A56F35424750}"
EndProject
Project("{9A19103F-16F7-4668-BE54-9A1E7A4F7556}") = "Vendor.API", "Services\Vendor\Vendor.API\Vendor.API.csproj", "{F10F8BE2-6006-44F6-A957-6306011E6A25}"
EndProject
Project("{2150E333-8FDC-42A3-9474-1A3956D46DE8}") = "Utils", "Utils", "{58CB57D8-13E0-493B-997E-AC4DD64EF30C}"
EndProject
Project("{9A19103F-16F7-4668-BE54-9A1E7A4F7556}") = "Utils.Infrastructure", "Services\Utils\Utils.Infrastructure\Utils.Infrastructure.csproj", "{04158B36-E6D1-46B0-B4BA-5B69EF223E63}"
EndProject
Project("{9A19103F-16F7-4668-BE54-9A1E7A4F7556}") = "Utils.Domain", "Services\Utils\Utils.Domain\Utils.Domain.csproj", "{47EED7A5-35CA-4DC0-AAFA-74D0CFB12DF8}"
EndProject
Project("{9A19103F-16F7-4668-BE54-9A1E7A4F7556}") = "Utils.Application", "Services\Utils\Utils.Application\Utils.Application.csproj", "{C4A29B6E-78B3-4B1F-A208-269F54FE356E}"
EndProject
Project("{9A19103F-16F7-4668-BE54-9A1E7A4F7556}") = "Utils.API", "Services\Utils\Utils.API\Utils.API.csproj", "{9E86025A-F66A-4409-99BB-78EF96350797}"
EndProject
Project("{2150E333-8FDC-42A3-9474-1A3956D46DE8}") = "Login", "Login", "{88120E11-70F4-4B10-837B-5B96F8B5E48B}"
EndProject
Project("{9A19103F-16F7-4668-BE54-9A1E7A4F7556}") = "Login.API", "Services\Login\UserLogin\Login.API.csproj", "{20B05D11-19F3-4A8A-B72E-64CCD53DB23A}"
EndProject
Project("{9A19103F-16F7-4668-BE54-9A1E7A4F7556}") = "Login.Application", "Services\Login\Login.Application\Login.Application.csproj", "{5ADD3E58-22CC-4836-BA13-20A019C997A4}"
EndProject
Project("{9A19103F-16F7-4668-BE54-9A1E7A4F7556}") = "Login.Domain", "Services\Login\Login.Domain\Login.Domain.csproj", "{F18F0AFB-B6CD-4860-B1F8-9F4C1159AE5D}"
EndProject
Project("{9A19103F-16F7-4668-BE54-9A1E7A4F7556}") = "Login.Infrastructure", "Services\Login\Login.Infrastructure\Login.Infrastructure.csproj", "{76A2A2D9-05B2-4278-89DC-53BB9EF43CAC}"
EndProject
Global
	GlobalSection(SolutionConfigurationPlatforms) = preSolution
		Debug|Any CPU = Debug|Any CPU
		Release|Any CPU = Release|Any CPU
	EndGlobalSection
	GlobalSection(ProjectConfigurationPlatforms) = postSolution
		{941044E6-1CA9-4FFE-8319-357B933140F6}.Debug|Any CPU.ActiveCfg = Debug|Any CPU
		{941044E6-1CA9-4FFE-8319-357B933140F6}.Debug|Any CPU.Build.0 = Debug|Any CPU
		{941044E6-1CA9-4FFE-8319-357B933140F6}.Release|Any CPU.ActiveCfg = Release|Any CPU
		{941044E6-1CA9-4FFE-8319-357B933140F6}.Release|Any CPU.Build.0 = Release|Any CPU
		{68F20F9B-398F-4611-935A-82A0FE5F7462}.Debug|Any CPU.ActiveCfg = Debug|Any CPU
		{68F20F9B-398F-4611-935A-82A0FE5F7462}.Debug|Any CPU.Build.0 = Debug|Any CPU
		{68F20F9B-398F-4611-935A-82A0FE5F7462}.Release|Any CPU.ActiveCfg = Release|Any CPU
		{68F20F9B-398F-4611-935A-82A0FE5F7462}.Release|Any CPU.Build.0 = Release|Any CPU
		{ACCB7F02-4AFC-413D-9359-26B0E590B424}.Debug|Any CPU.ActiveCfg = Debug|Any CPU
		{ACCB7F02-4AFC-413D-9359-26B0E590B424}.Debug|Any CPU.Build.0 = Debug|Any CPU
		{ACCB7F02-4AFC-413D-9359-26B0E590B424}.Release|Any CPU.ActiveCfg = Release|Any CPU
		{ACCB7F02-4AFC-413D-9359-26B0E590B424}.Release|Any CPU.Build.0 = Release|Any CPU
		{6B498B52-B5E8-41AC-B207-4635C56CB892}.Debug|Any CPU.ActiveCfg = Debug|Any CPU
		{6B498B52-B5E8-41AC-B207-4635C56CB892}.Debug|Any CPU.Build.0 = Debug|Any CPU
		{6B498B52-B5E8-41AC-B207-4635C56CB892}.Release|Any CPU.ActiveCfg = Release|Any CPU
		{6B498B52-B5E8-41AC-B207-4635C56CB892}.Release|Any CPU.Build.0 = Release|Any CPU
		{6AA92B41-439A-4054-B9B6-14CEA23B8F4B}.Debug|Any CPU.ActiveCfg = Debug|Any CPU
		{6AA92B41-439A-4054-B9B6-14CEA23B8F4B}.Debug|Any CPU.Build.0 = Debug|Any CPU
		{6AA92B41-439A-4054-B9B6-14CEA23B8F4B}.Release|Any CPU.ActiveCfg = Release|Any CPU
		{6AA92B41-439A-4054-B9B6-14CEA23B8F4B}.Release|Any CPU.Build.0 = Release|Any CPU
		{B1BDB8B0-1F86-4411-BA38-A3FB302AEF25}.Debug|Any CPU.ActiveCfg = Debug|Any CPU
		{B1BDB8B0-1F86-4411-BA38-A3FB302AEF25}.Debug|Any CPU.Build.0 = Debug|Any CPU
		{B1BDB8B0-1F86-4411-BA38-A3FB302AEF25}.Release|Any CPU.ActiveCfg = Release|Any CPU
		{B1BDB8B0-1F86-4411-BA38-A3FB302AEF25}.Release|Any CPU.Build.0 = Release|Any CPU
		{E91A15E5-BDAE-49A4-81A3-7F050DD30BDA}.Debug|Any CPU.ActiveCfg = Debug|Any CPU
		{E91A15E5-BDAE-49A4-81A3-7F050DD30BDA}.Debug|Any CPU.Build.0 = Debug|Any CPU
		{E91A15E5-BDAE-49A4-81A3-7F050DD30BDA}.Release|Any CPU.ActiveCfg = Release|Any CPU
		{E91A15E5-BDAE-49A4-81A3-7F050DD30BDA}.Release|Any CPU.Build.0 = Release|Any CPU
		{A5C4B44F-D81D-4903-886A-CC2A1FA8AF4B}.Debug|Any CPU.ActiveCfg = Debug|Any CPU
		{A5C4B44F-D81D-4903-886A-CC2A1FA8AF4B}.Debug|Any CPU.Build.0 = Debug|Any CPU
		{A5C4B44F-D81D-4903-886A-CC2A1FA8AF4B}.Release|Any CPU.ActiveCfg = Release|Any CPU
		{A5C4B44F-D81D-4903-886A-CC2A1FA8AF4B}.Release|Any CPU.Build.0 = Release|Any CPU
		{8F4EA89C-A6B9-40E0-81FB-32961B38C243}.Debug|Any CPU.ActiveCfg = Debug|Any CPU
		{8F4EA89C-A6B9-40E0-81FB-32961B38C243}.Debug|Any CPU.Build.0 = Debug|Any CPU
		{8F4EA89C-A6B9-40E0-81FB-32961B38C243}.Release|Any CPU.ActiveCfg = Release|Any CPU
		{8F4EA89C-A6B9-40E0-81FB-32961B38C243}.Release|Any CPU.Build.0 = Release|Any CPU
		{9F36F1C8-E7AA-40B4-9F6E-B8F33F968247}.Debug|Any CPU.ActiveCfg = Debug|Any CPU
		{9F36F1C8-E7AA-40B4-9F6E-B8F33F968247}.Debug|Any CPU.Build.0 = Debug|Any CPU
		{9F36F1C8-E7AA-40B4-9F6E-B8F33F968247}.Release|Any CPU.ActiveCfg = Release|Any CPU
		{9F36F1C8-E7AA-40B4-9F6E-B8F33F968247}.Release|Any CPU.Build.0 = Release|Any CPU
		{96769361-30C0-4974-8DD6-B100630DC916}.Debug|Any CPU.ActiveCfg = Debug|Any CPU
		{96769361-30C0-4974-8DD6-B100630DC916}.Debug|Any CPU.Build.0 = Debug|Any CPU
		{96769361-30C0-4974-8DD6-B100630DC916}.Release|Any CPU.ActiveCfg = Release|Any CPU
		{96769361-30C0-4974-8DD6-B100630DC916}.Release|Any CPU.Build.0 = Release|Any CPU
		{2A60E76D-3C83-42AA-84A6-FF38C8FB3C97}.Debug|Any CPU.ActiveCfg = Debug|Any CPU
		{2A60E76D-3C83-42AA-84A6-FF38C8FB3C97}.Debug|Any CPU.Build.0 = Debug|Any CPU
		{2A60E76D-3C83-42AA-84A6-FF38C8FB3C97}.Release|Any CPU.ActiveCfg = Release|Any CPU
		{2A60E76D-3C83-42AA-84A6-FF38C8FB3C97}.Release|Any CPU.Build.0 = Release|Any CPU
		{3361F307-3B29-4011-84C1-1BF4944006A5}.Debug|Any CPU.ActiveCfg = Debug|Any CPU
		{3361F307-3B29-4011-84C1-1BF4944006A5}.Debug|Any CPU.Build.0 = Debug|Any CPU
		{3361F307-3B29-4011-84C1-1BF4944006A5}.Release|Any CPU.ActiveCfg = Release|Any CPU
		{3361F307-3B29-4011-84C1-1BF4944006A5}.Release|Any CPU.Build.0 = Release|Any CPU
		{D0D18D49-7B2A-404D-A53F-85750AC4906E}.Debug|Any CPU.ActiveCfg = Debug|Any CPU
		{D0D18D49-7B2A-404D-A53F-85750AC4906E}.Debug|Any CPU.Build.0 = Debug|Any CPU
		{D0D18D49-7B2A-404D-A53F-85750AC4906E}.Release|Any CPU.ActiveCfg = Release|Any CPU
		{D0D18D49-7B2A-404D-A53F-85750AC4906E}.Release|Any CPU.Build.0 = Release|Any CPU
		{C334C791-F85B-4E5C-A7D2-CD1C4799C936}.Debug|Any CPU.ActiveCfg = Debug|Any CPU
		{C334C791-F85B-4E5C-A7D2-CD1C4799C936}.Debug|Any CPU.Build.0 = Debug|Any CPU
		{C334C791-F85B-4E5C-A7D2-CD1C4799C936}.Release|Any CPU.ActiveCfg = Release|Any CPU
		{C334C791-F85B-4E5C-A7D2-CD1C4799C936}.Release|Any CPU.Build.0 = Release|Any CPU
		{0BB77358-70A4-4725-8AAC-D9F1789149C0}.Debug|Any CPU.ActiveCfg = Debug|Any CPU
		{0BB77358-70A4-4725-8AAC-D9F1789149C0}.Debug|Any CPU.Build.0 = Debug|Any CPU
		{0BB77358-70A4-4725-8AAC-D9F1789149C0}.Release|Any CPU.ActiveCfg = Release|Any CPU
		{0BB77358-70A4-4725-8AAC-D9F1789149C0}.Release|Any CPU.Build.0 = Release|Any CPU
		{5CDF2037-E3DC-4689-A08D-D9FF5CAA0C1B}.Debug|Any CPU.ActiveCfg = Debug|Any CPU
		{5CDF2037-E3DC-4689-A08D-D9FF5CAA0C1B}.Debug|Any CPU.Build.0 = Debug|Any CPU
		{5CDF2037-E3DC-4689-A08D-D9FF5CAA0C1B}.Release|Any CPU.ActiveCfg = Release|Any CPU
		{5CDF2037-E3DC-4689-A08D-D9FF5CAA0C1B}.Release|Any CPU.Build.0 = Release|Any CPU
		{FA27BD62-B8D1-410F-8504-6724612EB121}.Debug|Any CPU.ActiveCfg = Debug|Any CPU
		{FA27BD62-B8D1-410F-8504-6724612EB121}.Debug|Any CPU.Build.0 = Debug|Any CPU
		{FA27BD62-B8D1-410F-8504-6724612EB121}.Release|Any CPU.ActiveCfg = Release|Any CPU
		{FA27BD62-B8D1-410F-8504-6724612EB121}.Release|Any CPU.Build.0 = Release|Any CPU
		{F3A7D5A0-B127-4822-A837-A56F35424750}.Debug|Any CPU.ActiveCfg = Debug|Any CPU
		{F3A7D5A0-B127-4822-A837-A56F35424750}.Debug|Any CPU.Build.0 = Debug|Any CPU
		{F3A7D5A0-B127-4822-A837-A56F35424750}.Release|Any CPU.ActiveCfg = Release|Any CPU
		{F3A7D5A0-B127-4822-A837-A56F35424750}.Release|Any CPU.Build.0 = Release|Any CPU
		{F10F8BE2-6006-44F6-A957-6306011E6A25}.Debug|Any CPU.ActiveCfg = Debug|Any CPU
		{F10F8BE2-6006-44F6-A957-6306011E6A25}.Debug|Any CPU.Build.0 = Debug|Any CPU
		{F10F8BE2-6006-44F6-A957-6306011E6A25}.Release|Any CPU.ActiveCfg = Release|Any CPU
		{F10F8BE2-6006-44F6-A957-6306011E6A25}.Release|Any CPU.Build.0 = Release|Any CPU
		{04158B36-E6D1-46B0-B4BA-5B69EF223E63}.Debug|Any CPU.ActiveCfg = Debug|Any CPU
		{04158B36-E6D1-46B0-B4BA-5B69EF223E63}.Debug|Any CPU.Build.0 = Debug|Any CPU
		{04158B36-E6D1-46B0-B4BA-5B69EF223E63}.Release|Any CPU.ActiveCfg = Release|Any CPU
		{04158B36-E6D1-46B0-B4BA-5B69EF223E63}.Release|Any CPU.Build.0 = Release|Any CPU
		{47EED7A5-35CA-4DC0-AAFA-74D0CFB12DF8}.Debug|Any CPU.ActiveCfg = Debug|Any CPU
		{47EED7A5-35CA-4DC0-AAFA-74D0CFB12DF8}.Debug|Any CPU.Build.0 = Debug|Any CPU
		{47EED7A5-35CA-4DC0-AAFA-74D0CFB12DF8}.Release|Any CPU.ActiveCfg = Release|Any CPU
		{47EED7A5-35CA-4DC0-AAFA-74D0CFB12DF8}.Release|Any CPU.Build.0 = Release|Any CPU
		{C4A29B6E-78B3-4B1F-A208-269F54FE356E}.Debug|Any CPU.ActiveCfg = Debug|Any CPU
		{C4A29B6E-78B3-4B1F-A208-269F54FE356E}.Debug|Any CPU.Build.0 = Debug|Any CPU
		{C4A29B6E-78B3-4B1F-A208-269F54FE356E}.Release|Any CPU.ActiveCfg = Release|Any CPU
		{C4A29B6E-78B3-4B1F-A208-269F54FE356E}.Release|Any CPU.Build.0 = Release|Any CPU
		{9E86025A-F66A-4409-99BB-78EF96350797}.Debug|Any CPU.ActiveCfg = Debug|Any CPU
		{9E86025A-F66A-4409-99BB-78EF96350797}.Debug|Any CPU.Build.0 = Debug|Any CPU
		{9E86025A-F66A-4409-99BB-78EF96350797}.Release|Any CPU.ActiveCfg = Release|Any CPU
		{9E86025A-F66A-4409-99BB-78EF96350797}.Release|Any CPU.Build.0 = Release|Any CPU
		{20B05D11-19F3-4A8A-B72E-64CCD53DB23A}.Debug|Any CPU.ActiveCfg = Debug|Any CPU
		{20B05D11-19F3-4A8A-B72E-64CCD53DB23A}.Debug|Any CPU.Build.0 = Debug|Any CPU
		{20B05D11-19F3-4A8A-B72E-64CCD53DB23A}.Release|Any CPU.ActiveCfg = Release|Any CPU
		{20B05D11-19F3-4A8A-B72E-64CCD53DB23A}.Release|Any CPU.Build.0 = Release|Any CPU
		{5ADD3E58-22CC-4836-BA13-20A019C997A4}.Debug|Any CPU.ActiveCfg = Debug|Any CPU
		{5ADD3E58-22CC-4836-BA13-20A019C997A4}.Debug|Any CPU.Build.0 = Debug|Any CPU
		{5ADD3E58-22CC-4836-BA13-20A019C997A4}.Release|Any CPU.ActiveCfg = Release|Any CPU
		{5ADD3E58-22CC-4836-BA13-20A019C997A4}.Release|Any CPU.Build.0 = Release|Any CPU
		{F18F0AFB-B6CD-4860-B1F8-9F4C1159AE5D}.Debug|Any CPU.ActiveCfg = Debug|Any CPU
		{F18F0AFB-B6CD-4860-B1F8-9F4C1159AE5D}.Debug|Any CPU.Build.0 = Debug|Any CPU
		{F18F0AFB-B6CD-4860-B1F8-9F4C1159AE5D}.Release|Any CPU.ActiveCfg = Release|Any CPU
		{F18F0AFB-B6CD-4860-B1F8-9F4C1159AE5D}.Release|Any CPU.Build.0 = Release|Any CPU
		{76A2A2D9-05B2-4278-89DC-53BB9EF43CAC}.Debug|Any CPU.ActiveCfg = Debug|Any CPU
		{76A2A2D9-05B2-4278-89DC-53BB9EF43CAC}.Debug|Any CPU.Build.0 = Debug|Any CPU
		{76A2A2D9-05B2-4278-89DC-53BB9EF43CAC}.Release|Any CPU.ActiveCfg = Release|Any CPU
		{76A2A2D9-05B2-4278-89DC-53BB9EF43CAC}.Release|Any CPU.Build.0 = Release|Any CPU
	EndGlobalSection
	GlobalSection(SolutionProperties) = preSolution
		HideSolutionNode = FALSE
	EndGlobalSection
	GlobalSection(NestedProjects) = preSolution
		{CAB840FD-AAB4-44BA-B9AA-93FC2D4963D8} = {0CBEF62A-298C-4A8D-82E3-73E71B55188A}
		{941044E6-1CA9-4FFE-8319-357B933140F6} = {99C902A0-EC1A-450F-ABDF-D2DFF355DDF0}
		{68F20F9B-398F-4611-935A-82A0FE5F7462} = {33B4BEDB-45AB-4D72-BD11-0B508B9DD24F}
		{7E4FBBBA-6BEA-471A-8DC4-9DA57C282C1B} = {0CBEF62A-298C-4A8D-82E3-73E71B55188A}
		{ACCB7F02-4AFC-413D-9359-26B0E590B424} = {7E4FBBBA-6BEA-471A-8DC4-9DA57C282C1B}
		{6B498B52-B5E8-41AC-B207-4635C56CB892} = {7E4FBBBA-6BEA-471A-8DC4-9DA57C282C1B}
		{6AA92B41-439A-4054-B9B6-14CEA23B8F4B} = {7E4FBBBA-6BEA-471A-8DC4-9DA57C282C1B}
		{B1BDB8B0-1F86-4411-BA38-A3FB302AEF25} = {7E4FBBBA-6BEA-471A-8DC4-9DA57C282C1B}
		{E91A15E5-BDAE-49A4-81A3-7F050DD30BDA} = {CAB840FD-AAB4-44BA-B9AA-93FC2D4963D8}
		{A5C4B44F-D81D-4903-886A-CC2A1FA8AF4B} = {CAB840FD-AAB4-44BA-B9AA-93FC2D4963D8}
		{8F4EA89C-A6B9-40E0-81FB-32961B38C243} = {CAB840FD-AAB4-44BA-B9AA-93FC2D4963D8}
		{9F36F1C8-E7AA-40B4-9F6E-B8F33F968247} = {CAB840FD-AAB4-44BA-B9AA-93FC2D4963D8}
		{E6F27299-F998-4356-9A20-8A49B474A5BF} = {0CBEF62A-298C-4A8D-82E3-73E71B55188A}
		{96769361-30C0-4974-8DD6-B100630DC916} = {E6F27299-F998-4356-9A20-8A49B474A5BF}
		{2A60E76D-3C83-42AA-84A6-FF38C8FB3C97} = {E6F27299-F998-4356-9A20-8A49B474A5BF}
		{3361F307-3B29-4011-84C1-1BF4944006A5} = {E6F27299-F998-4356-9A20-8A49B474A5BF}
		{D0D18D49-7B2A-404D-A53F-85750AC4906E} = {E6F27299-F998-4356-9A20-8A49B474A5BF}
		{C334C791-F85B-4E5C-A7D2-CD1C4799C936} = {CAB840FD-AAB4-44BA-B9AA-93FC2D4963D8}
		{0BB77358-70A4-4725-8AAC-D9F1789149C0} = {33B4BEDB-45AB-4D72-BD11-0B508B9DD24F}
		{BD4DF921-5D82-4577-B97D-2B81665C559E} = {0CBEF62A-298C-4A8D-82E3-73E71B55188A}
		{5CDF2037-E3DC-4689-A08D-D9FF5CAA0C1B} = {BD4DF921-5D82-4577-B97D-2B81665C559E}
		{FA27BD62-B8D1-410F-8504-6724612EB121} = {BD4DF921-5D82-4577-B97D-2B81665C559E}
		{F3A7D5A0-B127-4822-A837-A56F35424750} = {BD4DF921-5D82-4577-B97D-2B81665C559E}
		{F10F8BE2-6006-44F6-A957-6306011E6A25} = {BD4DF921-5D82-4577-B97D-2B81665C559E}
		{58CB57D8-13E0-493B-997E-AC4DD64EF30C} = {0CBEF62A-298C-4A8D-82E3-73E71B55188A}
		{04158B36-E6D1-46B0-B4BA-5B69EF223E63} = {58CB57D8-13E0-493B-997E-AC4DD64EF30C}
		{47EED7A5-35CA-4DC0-AAFA-74D0CFB12DF8} = {58CB57D8-13E0-493B-997E-AC4DD64EF30C}
		{C4A29B6E-78B3-4B1F-A208-269F54FE356E} = {58CB57D8-13E0-493B-997E-AC4DD64EF30C}
		{9E86025A-F66A-4409-99BB-78EF96350797} = {58CB57D8-13E0-493B-997E-AC4DD64EF30C}
		{88120E11-70F4-4B10-837B-5B96F8B5E48B} = {0CBEF62A-298C-4A8D-82E3-73E71B55188A}
		{20B05D11-19F3-4A8A-B72E-64CCD53DB23A} = {88120E11-70F4-4B10-837B-5B96F8B5E48B}
		{5ADD3E58-22CC-4836-BA13-20A019C997A4} = {88120E11-70F4-4B10-837B-5B96F8B5E48B}
		{F18F0AFB-B6CD-4860-B1F8-9F4C1159AE5D} = {88120E11-70F4-4B10-837B-5B96F8B5E48B}
		{76A2A2D9-05B2-4278-89DC-53BB9EF43CAC} = {88120E11-70F4-4B10-837B-5B96F8B5E48B}
	EndGlobalSection
	GlobalSection(ExtensibilityGlobals) = postSolution
		SolutionGuid = {ABCD8B20-FEE7-4E5C-94F0-4DAA6236EAD7}
	EndGlobalSection
EndGlobal
